
Microsoft Visual Studio Solution File, Format Version 12.00
# Visual Studio Version 17
VisualStudioVersion = 17.0.31903.59
MinimumVisualStudioVersion = 10.0.40219.1
Project("{FAE04EC0-301F-11D3-BF4B-00C04F79EFBC}") = "Tig.Crebo.Etl", "Tig.Crebo.Etl\Tig.Crebo.Etl.csproj", "{EEBD0E76-A47A-4BCF-B918-F046613CD500}"
EndProject
Project("{FAE04EC0-301F-11D3-BF4B-00C04F79EFBC}") = "Tig.Crebo.Etl.Tests", "Tig.Crebo.Etl.Tests\Tig.Crebo.Etl.Tests.csproj", "{A50493A1-61CF-4630-90C4-AEA0F8A675FB}"
EndProject
Global
	GlobalSection(SolutionConfigurationPlatforms) = preSolution
		Debug|Any CPU = Debug|Any CPU
		Release|Any CPU = Release|Any CPU
	EndGlobalSection
	GlobalSection(SolutionProperties) = preSolution
		HideSolutionNode = FALSE
	EndGlobalSection
	GlobalSection(ProjectConfigurationPlatforms) = postSolution
		{EEBD0E76-A47A-4BCF-B918-F046613CD500}.Debug|Any CPU.ActiveCfg = Debug|Any CPU
		{EEBD0E76-A47A-4BCF-B918-F046613CD500}.Debug|Any CPU.Build.0 = Debug|Any CPU
		{EEBD0E76-A47A-4BCF-B918-F046613CD500}.Release|Any CPU.ActiveCfg = Release|Any CPU
		{EEBD0E76-A47A-4BCF-B918-F046613CD500}.Release|Any CPU.Build.0 = Release|Any CPU
		{A50493A1-61CF-4630-90C4-AEA0F8A675FB}.Debug|Any CPU.ActiveCfg = Debug|Any CPU
		{A50493A1-61CF-4630-90C4-AEA0F8A675FB}.Debug|Any CPU.Build.0 = Debug|Any CPU
		{A50493A1-61CF-4630-90C4-AEA0F8A675FB}.Release|Any CPU.ActiveCfg = Release|Any CPU
		{A50493A1-61CF-4630-90C4-AEA0F8A675FB}.Release|Any CPU.Build.0 = Release|Any CPU
	EndGlobalSection
EndGlobal
